
Microsoft Visual Studio Solution File, Format Version 12.00
# Visual Studio Version 16
VisualStudioVersion = 16.0.30320.27
MinimumVisualStudioVersion = 10.0.40219.1
Project("{9A19103F-16F7-4668-BE54-9A1E7A4F7556}") = "SpeechSDKFunctionApp", "SpeechSDKFunctionApp\SpeechSDKFunctionApp.csproj", "{22C371EC-6270-46AE-B4F3-674125930049}"
EndProject
Project("{9A19103F-16F7-4668-BE54-9A1E7A4F7556}") = "SpeechSDKCommon", "SpeechSDKCommon\SpeechSDKCommon.csproj", "{3E892319-90A2-4A53-AE4E-24A24CB242E3}"
EndProject
Project("{9A19103F-16F7-4668-BE54-9A1E7A4F7556}") = "SpeechSDKWebApplication", "SpeechSDKWebApplication\SpeechSDKWebApplication.csproj", "{8862A717-86CE-4286-8960-3DCA419C19C5}"
EndProject
Project("{FAE04EC0-301F-11D3-BF4B-00C04F79EFBC}") = "SpeechSDKFunctionNotWorking", "SpeechSDKFunctionNotWorking\SpeechSDKFunctionNotWorking.csproj", "{999F4A6A-FE7F-4618-9EB3-02EA21F493D6}"
EndProject
Global
	GlobalSection(SolutionConfigurationPlatforms) = preSolution
		Debug|Any CPU = Debug|Any CPU
		Release|Any CPU = Release|Any CPU
	EndGlobalSection
	GlobalSection(ProjectConfigurationPlatforms) = postSolution
		{22C371EC-6270-46AE-B4F3-674125930049}.Debug|Any CPU.ActiveCfg = Debug|Any CPU
		{22C371EC-6270-46AE-B4F3-674125930049}.Debug|Any CPU.Build.0 = Debug|Any CPU
		{22C371EC-6270-46AE-B4F3-674125930049}.Release|Any CPU.ActiveCfg = Release|Any CPU
		{22C371EC-6270-46AE-B4F3-674125930049}.Release|Any CPU.Build.0 = Release|Any CPU
		{3E892319-90A2-4A53-AE4E-24A24CB242E3}.Debug|Any CPU.ActiveCfg = Debug|Any CPU
		{3E892319-90A2-4A53-AE4E-24A24CB242E3}.Debug|Any CPU.Build.0 = Debug|Any CPU
		{3E892319-90A2-4A53-AE4E-24A24CB242E3}.Release|Any CPU.ActiveCfg = Release|Any CPU
		{3E892319-90A2-4A53-AE4E-24A24CB242E3}.Release|Any CPU.Build.0 = Release|Any CPU
		{8862A717-86CE-4286-8960-3DCA419C19C5}.Debug|Any CPU.ActiveCfg = Debug|Any CPU
		{8862A717-86CE-4286-8960-3DCA419C19C5}.Debug|Any CPU.Build.0 = Debug|Any CPU
		{8862A717-86CE-4286-8960-3DCA419C19C5}.Release|Any CPU.ActiveCfg = Release|Any CPU
		{8862A717-86CE-4286-8960-3DCA419C19C5}.Release|Any CPU.Build.0 = Release|Any CPU
		{999F4A6A-FE7F-4618-9EB3-02EA21F493D6}.Debug|Any CPU.ActiveCfg = Debug|Any CPU
		{999F4A6A-FE7F-4618-9EB3-02EA21F493D6}.Debug|Any CPU.Build.0 = Debug|Any CPU
		{999F4A6A-FE7F-4618-9EB3-02EA21F493D6}.Release|Any CPU.ActiveCfg = Release|Any CPU
		{999F4A6A-FE7F-4618-9EB3-02EA21F493D6}.Release|Any CPU.Build.0 = Release|Any CPU
	EndGlobalSection
	GlobalSection(SolutionProperties) = preSolution
		HideSolutionNode = FALSE
	EndGlobalSection
	GlobalSection(ExtensibilityGlobals) = postSolution
		SolutionGuid = {F654CE1F-F3A5-4641-95F0-1D0536773A05}
	EndGlobalSection
EndGlobal
